
Microsoft Visual Studio Solution File, Format Version 12.00
Project("{FAE04EC0-301F-11D3-BF4B-00C04F79EFBC}") = "Users.Domain", "Users.Domain\Users.Domain.csproj", "{F9245B26-FEA4-4977-B784-45F6E0A330BD}"
EndProject
Project("{2150E333-8FDC-42A3-9474-1A3956D46DE8}") = "Users", "Users", "{3C7DB504-E68D-4694-8C4C-8DA0529B3F10}"
EndProject
Project("{2150E333-8FDC-42A3-9474-1A3956D46DE8}") = "Shipments", "Shipments", "{12AA6CB9-C18A-4FCA-9E7D-6ED0C5CC3772}"
EndProject
Project("{2150E333-8FDC-42A3-9474-1A3956D46DE8}") = "Orders", "Orders", "{06871903-F2F0-48C4-90C4-F3B2CF759325}"
EndProject
Project("{2150E333-8FDC-42A3-9474-1A3956D46DE8}") = "Catalog ", "Catalog ", "{7797DD75-9ED0-436C-9F53-AFA7A8A434F0}"
EndProject
Project("{2150E333-8FDC-42A3-9474-1A3956D46DE8}") = "Store", "Store", "{028256E8-0E3B-4F03-84FF-789642C13748}"
EndProject
Project("{2150E333-8FDC-42A3-9474-1A3956D46DE8}") = "Billing", "Billing", "{AB74EA4C-32B2-498B-AFDC-F90718D977BD}"
EndProject
Project("{FAE04EC0-301F-11D3-BF4B-00C04F79EFBC}") = "Users.Persistence", "Users.Persistence\Users.Persistence.csproj", "{1AD56D59-E3BC-4316-988C-35FAD86F8DB5}"
EndProject
Project("{FAE04EC0-301F-11D3-BF4B-00C04F79EFBC}") = "Users.Tests", "Users.Tests\Users.Tests.csproj", "{64794262-E0B2-4B1F-B3D5-6D112C023A3C}"
EndProject
Project("{FAE04EC0-301F-11D3-BF4B-00C04F79EFBC}") = "Users.Application", "Users.Application\Users.Application.csproj", "{D9B1C863-7FF6-4E91-95BE-251FE49F5821}"
EndProject
Project("{FAE04EC0-301F-11D3-BF4B-00C04F79EFBC}") = "Users.Api", "Users.Api\Users.Api.csproj", "{1C76E7CA-FA24-451D-8B17-AA4F37F081A5}"
EndProject
Project("{FAE04EC0-301F-11D3-BF4B-00C04F79EFBC}") = "Users.Infrastructure", "Users.Infrastructure\Users.Infrastructure.csproj", "{4AB4DFA7-1A12-4434-9E69-21A9D0FE374D}"
EndProject
Project("{FAE04EC0-301F-11D3-BF4B-00C04F79EFBC}") = "Store.Domain", "Store.Domain\Store.Domain.csproj", "{87AFABEB-C7B7-41B7-BECC-DE9431F5D657}"
EndProject
Project("{FAE04EC0-301F-11D3-BF4B-00C04F79EFBC}") = "Store.Api", "Store.Api\Store.Api.csproj", "{C3167263-C178-4513-A7F4-4E6F81CCA8A3}"
EndProject
Project("{FAE04EC0-301F-11D3-BF4B-00C04F79EFBC}") = "Store.Application", "Store.Application\Store.Application.csproj", "{6F48B02D-B514-4CF3-BCD1-4CAE9D372642}"
EndProject
Project("{FAE04EC0-301F-11D3-BF4B-00C04F79EFBC}") = "Store.Persistence", "Store.Persistence\Store.Persistence.csproj", "{AEDD1F4E-26C8-46DB-A505-DDDF4EB03CD3}"
EndProject
Project("{FAE04EC0-301F-11D3-BF4B-00C04F79EFBC}") = "Store.Infrastructure", "Store.Infrastructure\Store.Infrastructure.csproj", "{98BDA4C9-7A87-4139-9E49-AAF78EFD8145}"
EndProject
Project("{FAE04EC0-301F-11D3-BF4B-00C04F79EFBC}") = "Shipments.Domain", "Shipments.Domain\Shipments.Domain.csproj", "{8CD0A8E5-7111-4DCD-9CF0-3BE2A9EF2B17}"
EndProject
Project("{FAE04EC0-301F-11D3-BF4B-00C04F79EFBC}") = "Shipmen.Persistence", "Shipmen.Persistence\Shipmen.Persistence.csproj", "{78050909-2099-41BB-BA1D-73F49921A8E5}"
EndProject
Project("{FAE04EC0-301F-11D3-BF4B-00C04F79EFBC}") = "Shipmen.Infrastucture", "Shipmen.Infrastucture\Shipmen.Infrastucture.csproj", "{17046A0B-9664-4977-B28C-AF5E41199F3A}"
EndProject
Project("{FAE04EC0-301F-11D3-BF4B-00C04F79EFBC}") = "Shipments.Api", "Shipments.Api\Shipments.Api.csproj", "{DFAFE603-FC57-4974-977A-1E6E230CF78F}"
EndProject
Project("{FAE04EC0-301F-11D3-BF4B-00C04F79EFBC}") = "Shipments.Tests", "Shipments.Tests\Shipments.Tests.csproj", "{83CF70FB-84C8-4F86-9B4C-3665D57409F0}"
EndProject
Project("{FAE04EC0-301F-11D3-BF4B-00C04F79EFBC}") = "Store.Tests", "Store.Tests\Store.Tests.csproj", "{CAE9FD1D-D041-4AE9-A349-2332AE38DE08}"
EndProject
Project("{FAE04EC0-301F-11D3-BF4B-00C04F79EFBC}") = "Shipments.Application", "Shipments.Application\Shipments.Application.csproj", "{8C5E6982-CBF7-41FE-8016-219FF8E66149}"
EndProject
Project("{FAE04EC0-301F-11D3-BF4B-00C04F79EFBC}") = "Orders.Api", "Orders.Api\Orders.Api.csproj", "{CBF14289-9503-4556-8ED1-A70A808C9500}"
EndProject
Project("{FAE04EC0-301F-11D3-BF4B-00C04F79EFBC}") = "Orders.Tests", "Orders.Tests\Orders.Tests.csproj", "{F061C47B-875E-4474-8E2F-D887110731F7}"
EndProject
Project("{FAE04EC0-301F-11D3-BF4B-00C04F79EFBC}") = "Orders.Domain", "Orders.Domain\Orders.Domain.csproj", "{E07E195C-18AB-49BA-A90D-C57865CFD2F8}"
EndProject
Project("{FAE04EC0-301F-11D3-BF4B-00C04F79EFBC}") = "Orders.Appliaction", "Orders.Appliaction\Orders.Appliaction.csproj", "{09416080-A23B-4237-A139-02FC7D8097B9}"
EndProject
Project("{FAE04EC0-301F-11D3-BF4B-00C04F79EFBC}") = "Orders.Persistence", "Orders.Persistence\Orders.Persistence.csproj", "{5CAEB4DE-6E27-4509-89D5-0333D927EA81}"
EndProject
Project("{FAE04EC0-301F-11D3-BF4B-00C04F79EFBC}") = "Orders.Infrastructure", "Orders.Infrastructure\Orders.Infrastructure.csproj", "{D1E61E59-D18E-485F-9069-8083690E8F64}"
EndProject
Project("{FAE04EC0-301F-11D3-BF4B-00C04F79EFBC}") = "SharedKernal", "SharedKernal\SharedKernal.csproj", "{42C16E1C-008D-4E71-8D37-8FBFDD8102AB}"
EndProject
Global
	GlobalSection(SolutionConfigurationPlatforms) = preSolution
		Debug|Any CPU = Debug|Any CPU
		Release|Any CPU = Release|Any CPU
	EndGlobalSection
	GlobalSection(ProjectConfigurationPlatforms) = postSolution
		{F9245B26-FEA4-4977-B784-45F6E0A330BD}.Debug|Any CPU.ActiveCfg = Debug|Any CPU
		{F9245B26-FEA4-4977-B784-45F6E0A330BD}.Debug|Any CPU.Build.0 = Debug|Any CPU
		{F9245B26-FEA4-4977-B784-45F6E0A330BD}.Release|Any CPU.ActiveCfg = Release|Any CPU
		{F9245B26-FEA4-4977-B784-45F6E0A330BD}.Release|Any CPU.Build.0 = Release|Any CPU
		{1AD56D59-E3BC-4316-988C-35FAD86F8DB5}.Debug|Any CPU.ActiveCfg = Debug|Any CPU
		{1AD56D59-E3BC-4316-988C-35FAD86F8DB5}.Debug|Any CPU.Build.0 = Debug|Any CPU
		{1AD56D59-E3BC-4316-988C-35FAD86F8DB5}.Release|Any CPU.ActiveCfg = Release|Any CPU
		{1AD56D59-E3BC-4316-988C-35FAD86F8DB5}.Release|Any CPU.Build.0 = Release|Any CPU
		{64794262-E0B2-4B1F-B3D5-6D112C023A3C}.Debug|Any CPU.ActiveCfg = Debug|Any CPU
		{64794262-E0B2-4B1F-B3D5-6D112C023A3C}.Debug|Any CPU.Build.0 = Debug|Any CPU
		{64794262-E0B2-4B1F-B3D5-6D112C023A3C}.Release|Any CPU.ActiveCfg = Release|Any CPU
		{64794262-E0B2-4B1F-B3D5-6D112C023A3C}.Release|Any CPU.Build.0 = Release|Any CPU
		{D9B1C863-7FF6-4E91-95BE-251FE49F5821}.Debug|Any CPU.ActiveCfg = Debug|Any CPU
		{D9B1C863-7FF6-4E91-95BE-251FE49F5821}.Debug|Any CPU.Build.0 = Debug|Any CPU
		{D9B1C863-7FF6-4E91-95BE-251FE49F5821}.Release|Any CPU.ActiveCfg = Release|Any CPU
		{D9B1C863-7FF6-4E91-95BE-251FE49F5821}.Release|Any CPU.Build.0 = Release|Any CPU
		{1C76E7CA-FA24-451D-8B17-AA4F37F081A5}.Debug|Any CPU.ActiveCfg = Debug|Any CPU
		{1C76E7CA-FA24-451D-8B17-AA4F37F081A5}.Debug|Any CPU.Build.0 = Debug|Any CPU
		{1C76E7CA-FA24-451D-8B17-AA4F37F081A5}.Release|Any CPU.ActiveCfg = Release|Any CPU
		{1C76E7CA-FA24-451D-8B17-AA4F37F081A5}.Release|Any CPU.Build.0 = Release|Any CPU
		{4AB4DFA7-1A12-4434-9E69-21A9D0FE374D}.Debug|Any CPU.ActiveCfg = Debug|Any CPU
		{4AB4DFA7-1A12-4434-9E69-21A9D0FE374D}.Debug|Any CPU.Build.0 = Debug|Any CPU
		{4AB4DFA7-1A12-4434-9E69-21A9D0FE374D}.Release|Any CPU.ActiveCfg = Release|Any CPU
		{4AB4DFA7-1A12-4434-9E69-21A9D0FE374D}.Release|Any CPU.Build.0 = Release|Any CPU
		{87AFABEB-C7B7-41B7-BECC-DE9431F5D657}.Debug|Any CPU.ActiveCfg = Debug|Any CPU
		{87AFABEB-C7B7-41B7-BECC-DE9431F5D657}.Debug|Any CPU.Build.0 = Debug|Any CPU
		{87AFABEB-C7B7-41B7-BECC-DE9431F5D657}.Release|Any CPU.ActiveCfg = Release|Any CPU
		{87AFABEB-C7B7-41B7-BECC-DE9431F5D657}.Release|Any CPU.Build.0 = Release|Any CPU
		{C3167263-C178-4513-A7F4-4E6F81CCA8A3}.Debug|Any CPU.ActiveCfg = Debug|Any CPU
		{C3167263-C178-4513-A7F4-4E6F81CCA8A3}.Debug|Any CPU.Build.0 = Debug|Any CPU
		{C3167263-C178-4513-A7F4-4E6F81CCA8A3}.Release|Any CPU.ActiveCfg = Release|Any CPU
		{C3167263-C178-4513-A7F4-4E6F81CCA8A3}.Release|Any CPU.Build.0 = Release|Any CPU
		{6F48B02D-B514-4CF3-BCD1-4CAE9D372642}.Debug|Any CPU.ActiveCfg = Debug|Any CPU
		{6F48B02D-B514-4CF3-BCD1-4CAE9D372642}.Debug|Any CPU.Build.0 = Debug|Any CPU
		{6F48B02D-B514-4CF3-BCD1-4CAE9D372642}.Release|Any CPU.ActiveCfg = Release|Any CPU
		{6F48B02D-B514-4CF3-BCD1-4CAE9D372642}.Release|Any CPU.Build.0 = Release|Any CPU
		{AEDD1F4E-26C8-46DB-A505-DDDF4EB03CD3}.Debug|Any CPU.ActiveCfg = Debug|Any CPU
		{AEDD1F4E-26C8-46DB-A505-DDDF4EB03CD3}.Debug|Any CPU.Build.0 = Debug|Any CPU
		{AEDD1F4E-26C8-46DB-A505-DDDF4EB03CD3}.Release|Any CPU.ActiveCfg = Release|Any CPU
		{AEDD1F4E-26C8-46DB-A505-DDDF4EB03CD3}.Release|Any CPU.Build.0 = Release|Any CPU
		{98BDA4C9-7A87-4139-9E49-AAF78EFD8145}.Debug|Any CPU.ActiveCfg = Debug|Any CPU
		{98BDA4C9-7A87-4139-9E49-AAF78EFD8145}.Debug|Any CPU.Build.0 = Debug|Any CPU
		{98BDA4C9-7A87-4139-9E49-AAF78EFD8145}.Release|Any CPU.ActiveCfg = Release|Any CPU
		{98BDA4C9-7A87-4139-9E49-AAF78EFD8145}.Release|Any CPU.Build.0 = Release|Any CPU
		{8CD0A8E5-7111-4DCD-9CF0-3BE2A9EF2B17}.Debug|Any CPU.ActiveCfg = Debug|Any CPU
		{8CD0A8E5-7111-4DCD-9CF0-3BE2A9EF2B17}.Debug|Any CPU.Build.0 = Debug|Any CPU
		{8CD0A8E5-7111-4DCD-9CF0-3BE2A9EF2B17}.Release|Any CPU.ActiveCfg = Release|Any CPU
		{8CD0A8E5-7111-4DCD-9CF0-3BE2A9EF2B17}.Release|Any CPU.Build.0 = Release|Any CPU
		{78050909-2099-41BB-BA1D-73F49921A8E5}.Debug|Any CPU.ActiveCfg = Debug|Any CPU
		{78050909-2099-41BB-BA1D-73F49921A8E5}.Debug|Any CPU.Build.0 = Debug|Any CPU
		{78050909-2099-41BB-BA1D-73F49921A8E5}.Release|Any CPU.ActiveCfg = Release|Any CPU
		{78050909-2099-41BB-BA1D-73F49921A8E5}.Release|Any CPU.Build.0 = Release|Any CPU
		{17046A0B-9664-4977-B28C-AF5E41199F3A}.Debug|Any CPU.ActiveCfg = Debug|Any CPU
		{17046A0B-9664-4977-B28C-AF5E41199F3A}.Debug|Any CPU.Build.0 = Debug|Any CPU
		{17046A0B-9664-4977-B28C-AF5E41199F3A}.Release|Any CPU.ActiveCfg = Release|Any CPU
		{17046A0B-9664-4977-B28C-AF5E41199F3A}.Release|Any CPU.Build.0 = Release|Any CPU
		{DFAFE603-FC57-4974-977A-1E6E230CF78F}.Debug|Any CPU.ActiveCfg = Debug|Any CPU
		{DFAFE603-FC57-4974-977A-1E6E230CF78F}.Debug|Any CPU.Build.0 = Debug|Any CPU
		{DFAFE603-FC57-4974-977A-1E6E230CF78F}.Release|Any CPU.ActiveCfg = Release|Any CPU
		{DFAFE603-FC57-4974-977A-1E6E230CF78F}.Release|Any CPU.Build.0 = Release|Any CPU
		{83CF70FB-84C8-4F86-9B4C-3665D57409F0}.Debug|Any CPU.ActiveCfg = Debug|Any CPU
		{83CF70FB-84C8-4F86-9B4C-3665D57409F0}.Debug|Any CPU.Build.0 = Debug|Any CPU
		{83CF70FB-84C8-4F86-9B4C-3665D57409F0}.Release|Any CPU.ActiveCfg = Release|Any CPU
		{83CF70FB-84C8-4F86-9B4C-3665D57409F0}.Release|Any CPU.Build.0 = Release|Any CPU
		{CAE9FD1D-D041-4AE9-A349-2332AE38DE08}.Debug|Any CPU.ActiveCfg = Debug|Any CPU
		{CAE9FD1D-D041-4AE9-A349-2332AE38DE08}.Debug|Any CPU.Build.0 = Debug|Any CPU
		{CAE9FD1D-D041-4AE9-A349-2332AE38DE08}.Release|Any CPU.ActiveCfg = Release|Any CPU
		{CAE9FD1D-D041-4AE9-A349-2332AE38DE08}.Release|Any CPU.Build.0 = Release|Any CPU
		{8C5E6982-CBF7-41FE-8016-219FF8E66149}.Debug|Any CPU.ActiveCfg = Debug|Any CPU
		{8C5E6982-CBF7-41FE-8016-219FF8E66149}.Debug|Any CPU.Build.0 = Debug|Any CPU
		{8C5E6982-CBF7-41FE-8016-219FF8E66149}.Release|Any CPU.ActiveCfg = Release|Any CPU
		{8C5E6982-CBF7-41FE-8016-219FF8E66149}.Release|Any CPU.Build.0 = Release|Any CPU
		{CBF14289-9503-4556-8ED1-A70A808C9500}.Debug|Any CPU.ActiveCfg = Debug|Any CPU
		{CBF14289-9503-4556-8ED1-A70A808C9500}.Debug|Any CPU.Build.0 = Debug|Any CPU
		{CBF14289-9503-4556-8ED1-A70A808C9500}.Release|Any CPU.ActiveCfg = Release|Any CPU
		{CBF14289-9503-4556-8ED1-A70A808C9500}.Release|Any CPU.Build.0 = Release|Any CPU
		{F061C47B-875E-4474-8E2F-D887110731F7}.Debug|Any CPU.ActiveCfg = Debug|Any CPU
		{F061C47B-875E-4474-8E2F-D887110731F7}.Debug|Any CPU.Build.0 = Debug|Any CPU
		{F061C47B-875E-4474-8E2F-D887110731F7}.Release|Any CPU.ActiveCfg = Release|Any CPU
		{F061C47B-875E-4474-8E2F-D887110731F7}.Release|Any CPU.Build.0 = Release|Any CPU
		{E07E195C-18AB-49BA-A90D-C57865CFD2F8}.Debug|Any CPU.ActiveCfg = Debug|Any CPU
		{E07E195C-18AB-49BA-A90D-C57865CFD2F8}.Debug|Any CPU.Build.0 = Debug|Any CPU
		{E07E195C-18AB-49BA-A90D-C57865CFD2F8}.Release|Any CPU.ActiveCfg = Release|Any CPU
		{E07E195C-18AB-49BA-A90D-C57865CFD2F8}.Release|Any CPU.Build.0 = Release|Any CPU
		{09416080-A23B-4237-A139-02FC7D8097B9}.Debug|Any CPU.ActiveCfg = Debug|Any CPU
		{09416080-A23B-4237-A139-02FC7D8097B9}.Debug|Any CPU.Build.0 = Debug|Any CPU
		{09416080-A23B-4237-A139-02FC7D8097B9}.Release|Any CPU.ActiveCfg = Release|Any CPU
		{09416080-A23B-4237-A139-02FC7D8097B9}.Release|Any CPU.Build.0 = Release|Any CPU
		{5CAEB4DE-6E27-4509-89D5-0333D927EA81}.Debug|Any CPU.ActiveCfg = Debug|Any CPU
		{5CAEB4DE-6E27-4509-89D5-0333D927EA81}.Debug|Any CPU.Build.0 = Debug|Any CPU
		{5CAEB4DE-6E27-4509-89D5-0333D927EA81}.Release|Any CPU.ActiveCfg = Release|Any CPU
		{5CAEB4DE-6E27-4509-89D5-0333D927EA81}.Release|Any CPU.Build.0 = Release|Any CPU
		{D1E61E59-D18E-485F-9069-8083690E8F64}.Debug|Any CPU.ActiveCfg = Debug|Any CPU
		{D1E61E59-D18E-485F-9069-8083690E8F64}.Debug|Any CPU.Build.0 = Debug|Any CPU
		{D1E61E59-D18E-485F-9069-8083690E8F64}.Release|Any CPU.ActiveCfg = Release|Any CPU
		{D1E61E59-D18E-485F-9069-8083690E8F64}.Release|Any CPU.Build.0 = Release|Any CPU
		{42C16E1C-008D-4E71-8D37-8FBFDD8102AB}.Debug|Any CPU.ActiveCfg = Debug|Any CPU
		{42C16E1C-008D-4E71-8D37-8FBFDD8102AB}.Debug|Any CPU.Build.0 = Debug|Any CPU
		{42C16E1C-008D-4E71-8D37-8FBFDD8102AB}.Release|Any CPU.ActiveCfg = Release|Any CPU
		{42C16E1C-008D-4E71-8D37-8FBFDD8102AB}.Release|Any CPU.Build.0 = Release|Any CPU
	EndGlobalSection
	GlobalSection(NestedProjects) = preSolution
		{F9245B26-FEA4-4977-B784-45F6E0A330BD} = {3C7DB504-E68D-4694-8C4C-8DA0529B3F10}
		{1AD56D59-E3BC-4316-988C-35FAD86F8DB5} = {3C7DB504-E68D-4694-8C4C-8DA0529B3F10}
		{64794262-E0B2-4B1F-B3D5-6D112C023A3C} = {3C7DB504-E68D-4694-8C4C-8DA0529B3F10}
		{D9B1C863-7FF6-4E91-95BE-251FE49F5821} = {3C7DB504-E68D-4694-8C4C-8DA0529B3F10}
		{1C76E7CA-FA24-451D-8B17-AA4F37F081A5} = {3C7DB504-E68D-4694-8C4C-8DA0529B3F10}
		{4AB4DFA7-1A12-4434-9E69-21A9D0FE374D} = {3C7DB504-E68D-4694-8C4C-8DA0529B3F10}
		{87AFABEB-C7B7-41B7-BECC-DE9431F5D657} = {028256E8-0E3B-4F03-84FF-789642C13748}
		{C3167263-C178-4513-A7F4-4E6F81CCA8A3} = {028256E8-0E3B-4F03-84FF-789642C13748}
		{6F48B02D-B514-4CF3-BCD1-4CAE9D372642} = {028256E8-0E3B-4F03-84FF-789642C13748}
		{AEDD1F4E-26C8-46DB-A505-DDDF4EB03CD3} = {028256E8-0E3B-4F03-84FF-789642C13748}
		{98BDA4C9-7A87-4139-9E49-AAF78EFD8145} = {028256E8-0E3B-4F03-84FF-789642C13748}
		{8CD0A8E5-7111-4DCD-9CF0-3BE2A9EF2B17} = {12AA6CB9-C18A-4FCA-9E7D-6ED0C5CC3772}
		{78050909-2099-41BB-BA1D-73F49921A8E5} = {12AA6CB9-C18A-4FCA-9E7D-6ED0C5CC3772}
		{17046A0B-9664-4977-B28C-AF5E41199F3A} = {12AA6CB9-C18A-4FCA-9E7D-6ED0C5CC3772}
		{DFAFE603-FC57-4974-977A-1E6E230CF78F} = {12AA6CB9-C18A-4FCA-9E7D-6ED0C5CC3772}
		{83CF70FB-84C8-4F86-9B4C-3665D57409F0} = {12AA6CB9-C18A-4FCA-9E7D-6ED0C5CC3772}
		{CAE9FD1D-D041-4AE9-A349-2332AE38DE08} = {028256E8-0E3B-4F03-84FF-789642C13748}
		{8C5E6982-CBF7-41FE-8016-219FF8E66149} = {12AA6CB9-C18A-4FCA-9E7D-6ED0C5CC3772}
		{CBF14289-9503-4556-8ED1-A70A808C9500} = {06871903-F2F0-48C4-90C4-F3B2CF759325}
		{F061C47B-875E-4474-8E2F-D887110731F7} = {06871903-F2F0-48C4-90C4-F3B2CF759325}
		{E07E195C-18AB-49BA-A90D-C57865CFD2F8} = {06871903-F2F0-48C4-90C4-F3B2CF759325}
		{09416080-A23B-4237-A139-02FC7D8097B9} = {06871903-F2F0-48C4-90C4-F3B2CF759325}
		{5CAEB4DE-6E27-4509-89D5-0333D927EA81} = {06871903-F2F0-48C4-90C4-F3B2CF759325}
		{D1E61E59-D18E-485F-9069-8083690E8F64} = {06871903-F2F0-48C4-90C4-F3B2CF759325}
	EndGlobalSection
EndGlobal
